
Microsoft Visual Studio Solution File, Format Version 12.00
# Visual Studio 15
VisualStudioVersion = 15.0.25920.0
MinimumVisualStudioVersion = 10.0.40219.1
Project("{2150E333-8FDC-42A3-9474-1A3956D46DE8}") = "src", "src", "{6DEE52F0-5744-4EDD-858D-B5FF4E0DB7BD}"
EndProject
Project("{2150E333-8FDC-42A3-9474-1A3956D46DE8}") = "Solution Items", "Solution Items", "{C73E5017-9F1D-43E0-B7E1-AA295D40E594}"
	ProjectSection(SolutionItems) = preProject
		global.json = global.json
	EndProjectSection
EndProject
Project("{9A19103F-16F7-4668-BE54-9A1E7A4F7556}") = "DSHomework", "RoadHog\RoadHog.csproj", "{4D1ED287-1712-47FF-A8D9-D1E32B6F7EAB}"
EndProject
Global
	GlobalSection(SolutionConfigurationPlatforms) = preSolution
		Debug|Any CPU = Debug|Any CPU
		Release|Any CPU = Release|Any CPU
	EndGlobalSection
	GlobalSection(ProjectConfigurationPlatforms) = postSolution
		{4D1ED287-1712-47FF-A8D9-D1E32B6F7EAB}.Debug|Any CPU.ActiveCfg = Debug|Any CPU
		{4D1ED287-1712-47FF-A8D9-D1E32B6F7EAB}.Debug|Any CPU.Build.0 = Debug|Any CPU
		{4D1ED287-1712-47FF-A8D9-D1E32B6F7EAB}.Release|Any CPU.ActiveCfg = Debug|Any CPU
		{4D1ED287-1712-47FF-A8D9-D1E32B6F7EAB}.Release|Any CPU.Build.0 = Debug|Any CPU
	EndGlobalSection
	GlobalSection(SolutionProperties) = preSolution
		HideSolutionNode = FALSE
	EndGlobalSection
	GlobalSection(NestedProjects) = preSolution
		{4D1ED287-1712-47FF-A8D9-D1E32B6F7EAB} = {6DEE52F0-5744-4EDD-858D-B5FF4E0DB7BD}
	EndGlobalSection
EndGlobal
